
Microsoft Visual Studio Solution File, Format Version 12.00
# Visual Studio Version 17
VisualStudioVersion = 17.0.32014.148
MinimumVisualStudioVersion = 10.0.40219.1
Project("{9A19103F-16F7-4668-BE54-9A1E7A4F7556}") = "DataAccess", "Cinema\DataAccess\DataAccess.csproj", "{9523E654-C26D-4155-ACFB-BC74B71442D2}"
EndProject
Project("{9A19103F-16F7-4668-BE54-9A1E7A4F7556}") = "DomainModel", "Cinema\DomainModel\DomainModel.csproj", "{DBFECD10-FB28-4BC1-A61C-81F55FDA348D}"
EndProject
Project("{9A19103F-16F7-4668-BE54-9A1E7A4F7556}") = "Test.Integration", "Cinema\Test.Integration\Test.Integration.csproj", "{4147ED07-968A-4F2F-816B-8C19F76E81C9}"
EndProject
Project("{9A19103F-16F7-4668-BE54-9A1E7A4F7556}") = "UseCases", "Cinema\UseCases\UseCases.csproj", "{F44F8E8A-5E46-4839-B75E-2A706435CDC2}"
EndProject
Project("{9A19103F-16F7-4668-BE54-9A1E7A4F7556}") = "Test.Unit", "Test.Unit\Test.Unit.csproj", "{549368AA-2ED7-46B2-843A-170399740D6F}"
EndProject
Project("{9A19103F-16F7-4668-BE54-9A1E7A4F7556}") = "WebApplicationMVC", "WebApplicationMVC\WebApplicationMVC.csproj", "{000F7E65-69CF-480A-9EE2-B92011CFE153}"
EndProject
Global
	GlobalSection(SolutionConfigurationPlatforms) = preSolution
		Debug|Any CPU = Debug|Any CPU
		Release|Any CPU = Release|Any CPU
	EndGlobalSection
	GlobalSection(ProjectConfigurationPlatforms) = postSolution
		{9523E654-C26D-4155-ACFB-BC74B71442D2}.Debug|Any CPU.ActiveCfg = Debug|Any CPU
		{9523E654-C26D-4155-ACFB-BC74B71442D2}.Debug|Any CPU.Build.0 = Debug|Any CPU
		{9523E654-C26D-4155-ACFB-BC74B71442D2}.Release|Any CPU.ActiveCfg = Release|Any CPU
		{9523E654-C26D-4155-ACFB-BC74B71442D2}.Release|Any CPU.Build.0 = Release|Any CPU
		{DBFECD10-FB28-4BC1-A61C-81F55FDA348D}.Debug|Any CPU.ActiveCfg = Debug|Any CPU
		{DBFECD10-FB28-4BC1-A61C-81F55FDA348D}.Debug|Any CPU.Build.0 = Debug|Any CPU
		{DBFECD10-FB28-4BC1-A61C-81F55FDA348D}.Release|Any CPU.ActiveCfg = Release|Any CPU
		{DBFECD10-FB28-4BC1-A61C-81F55FDA348D}.Release|Any CPU.Build.0 = Release|Any CPU
		{4147ED07-968A-4F2F-816B-8C19F76E81C9}.Debug|Any CPU.ActiveCfg = Debug|Any CPU
		{4147ED07-968A-4F2F-816B-8C19F76E81C9}.Debug|Any CPU.Build.0 = Debug|Any CPU
		{4147ED07-968A-4F2F-816B-8C19F76E81C9}.Release|Any CPU.ActiveCfg = Release|Any CPU
		{4147ED07-968A-4F2F-816B-8C19F76E81C9}.Release|Any CPU.Build.0 = Release|Any CPU
		{F44F8E8A-5E46-4839-B75E-2A706435CDC2}.Debug|Any CPU.ActiveCfg = Debug|Any CPU
		{F44F8E8A-5E46-4839-B75E-2A706435CDC2}.Debug|Any CPU.Build.0 = Debug|Any CPU
		{F44F8E8A-5E46-4839-B75E-2A706435CDC2}.Release|Any CPU.ActiveCfg = Release|Any CPU
		{F44F8E8A-5E46-4839-B75E-2A706435CDC2}.Release|Any CPU.Build.0 = Release|Any CPU
		{549368AA-2ED7-46B2-843A-170399740D6F}.Debug|Any CPU.ActiveCfg = Debug|Any CPU
		{549368AA-2ED7-46B2-843A-170399740D6F}.Debug|Any CPU.Build.0 = Debug|Any CPU
		{549368AA-2ED7-46B2-843A-170399740D6F}.Release|Any CPU.ActiveCfg = Release|Any CPU
		{549368AA-2ED7-46B2-843A-170399740D6F}.Release|Any CPU.Build.0 = Release|Any CPU
		{000F7E65-69CF-480A-9EE2-B92011CFE153}.Debug|Any CPU.ActiveCfg = Debug|Any CPU
		{000F7E65-69CF-480A-9EE2-B92011CFE153}.Debug|Any CPU.Build.0 = Debug|Any CPU
		{000F7E65-69CF-480A-9EE2-B92011CFE153}.Release|Any CPU.ActiveCfg = Release|Any CPU
		{000F7E65-69CF-480A-9EE2-B92011CFE153}.Release|Any CPU.Build.0 = Release|Any CPU
	EndGlobalSection
	GlobalSection(SolutionProperties) = preSolution
		HideSolutionNode = FALSE
	EndGlobalSection
	GlobalSection(ExtensibilityGlobals) = postSolution
		SolutionGuid = {B0A29CD2-F8D9-457B-B841-7AB8A8548DF3}
	EndGlobalSection
EndGlobal
